
Microsoft Visual Studio Solution File, Format Version 12.00
# Visual Studio Version 16
VisualStudioVersion = 16.0.31605.320
MinimumVisualStudioVersion = 10.0.40219.1
Project("{FAE04EC0-301F-11D3-BF4B-00C04F79EFBC}") = "PrepQuantumState.1", "PrepQuantumState.1.csproj", "{749F0B30-3CEE-4D99-8B8F-11DD477E296A}"
EndProject
Global
	GlobalSection(SolutionConfigurationPlatforms) = preSolution
		Debug|Any CPU = Debug|Any CPU
		Release|Any CPU = Release|Any CPU
	EndGlobalSection
	GlobalSection(ProjectConfigurationPlatforms) = postSolution
		{749F0B30-3CEE-4D99-8B8F-11DD477E296A}.Debug|Any CPU.ActiveCfg = Debug|Any CPU
		{749F0B30-3CEE-4D99-8B8F-11DD477E296A}.Debug|Any CPU.Build.0 = Debug|Any CPU
		{749F0B30-3CEE-4D99-8B8F-11DD477E296A}.Release|Any CPU.ActiveCfg = Release|Any CPU
		{749F0B30-3CEE-4D99-8B8F-11DD477E296A}.Release|Any CPU.Build.0 = Release|Any CPU
	EndGlobalSection
	GlobalSection(SolutionProperties) = preSolution
		HideSolutionNode = FALSE
	EndGlobalSection
	GlobalSection(ExtensibilityGlobals) = postSolution
		SolutionGuid = {BE9E4E12-02FA-4B1C-BA47-9BC9C2E331C8}
	EndGlobalSection
EndGlobal
